
Microsoft Visual Studio Solution File, Format Version 12.00
# Visual Studio Version 17
VisualStudioVersion = 17.14.37012.4 d17.14
MinimumVisualStudioVersion = 10.0.40219.1
Project("{54A90642-561A-4BB1-A94E-469ADEE60C69}") = "selfplanner.client", "selfplanner.client\selfplanner.client.esproj", "{CD285A27-80E9-9EBC-C751-870FFD921EC0}"
EndProject
Project("{FAE04EC0-301F-11D3-BF4B-00C04F79EFBC}") = "SelfPlanner.Server", "SelfPlanner.Server\SelfPlanner.Server.csproj", "{A4FFE853-F22D-4EDA-A9F1-3C79ECD2ED71}"
EndProject
Global
	GlobalSection(SolutionConfigurationPlatforms) = preSolution
		Debug|Any CPU = Debug|Any CPU
		Release|Any CPU = Release|Any CPU
	EndGlobalSection
	GlobalSection(ProjectConfigurationPlatforms) = postSolution
		{CD285A27-80E9-9EBC-C751-870FFD921EC0}.Debug|Any CPU.ActiveCfg = Debug|Any CPU
		{CD285A27-80E9-9EBC-C751-870FFD921EC0}.Debug|Any CPU.Build.0 = Debug|Any CPU
		{CD285A27-80E9-9EBC-C751-870FFD921EC0}.Debug|Any CPU.Deploy.0 = Debug|Any CPU
		{CD285A27-80E9-9EBC-C751-870FFD921EC0}.Release|Any CPU.ActiveCfg = Release|Any CPU
		{CD285A27-80E9-9EBC-C751-870FFD921EC0}.Release|Any CPU.Build.0 = Release|Any CPU
		{CD285A27-80E9-9EBC-C751-870FFD921EC0}.Release|Any CPU.Deploy.0 = Release|Any CPU
		{A4FFE853-F22D-4EDA-A9F1-3C79ECD2ED71}.Debug|Any CPU.ActiveCfg = Debug|Any CPU
		{A4FFE853-F22D-4EDA-A9F1-3C79ECD2ED71}.Debug|Any CPU.Build.0 = Debug|Any CPU
		{A4FFE853-F22D-4EDA-A9F1-3C79ECD2ED71}.Release|Any CPU.ActiveCfg = Release|Any CPU
		{A4FFE853-F22D-4EDA-A9F1-3C79ECD2ED71}.Release|Any CPU.Build.0 = Release|Any CPU
	EndGlobalSection
	GlobalSection(SolutionProperties) = preSolution
		HideSolutionNode = FALSE
	EndGlobalSection
	GlobalSection(ExtensibilityGlobals) = postSolution
		SolutionGuid = {80AD3197-4342-42C1-B866-611D969AD978}
	EndGlobalSection
EndGlobal
